
Microsoft Visual Studio Solution File, Format Version 12.00
# Visual Studio Version 17
VisualStudioVersion = 17.0.31903.59
MinimumVisualStudioVersion = 10.0.40219.1
Project("{2150E333-8FDC-42A3-9474-1A3956D46DE8}") = "src", "src", "{0656264A-1AAF-4629-9608-1E107CE5C0F8}"
EndProject
Project("{FAE04EC0-301F-11D3-BF4B-00C04F79EFBC}") = "RailApi", "src\RailApi\RailApi.csproj", "{4BF01285-DB9E-45F8-A7F1-A211D8416342}"
EndProject
Project("{2150E333-8FDC-42A3-9474-1A3956D46DE8}") = "tests", "tests", "{C812062B-FB92-4234-9425-12BBD6F20E60}"
EndProject
Project("{FAE04EC0-301F-11D3-BF4B-00C04F79EFBC}") = "RailApi.Tests", "tests\RailApi.Tests\RailApi.Tests.csproj", "{BF40FD8E-6BB1-4065-A9CA-7C7A44755D51}"
EndProject
Global
	GlobalSection(SolutionConfigurationPlatforms) = preSolution
		Debug|Any CPU = Debug|Any CPU
		Release|Any CPU = Release|Any CPU
	EndGlobalSection
	GlobalSection(SolutionProperties) = preSolution
		HideSolutionNode = FALSE
	EndGlobalSection
	GlobalSection(ProjectConfigurationPlatforms) = postSolution
		{4BF01285-DB9E-45F8-A7F1-A211D8416342}.Debug|Any CPU.ActiveCfg = Debug|Any CPU
		{4BF01285-DB9E-45F8-A7F1-A211D8416342}.Debug|Any CPU.Build.0 = Debug|Any CPU
		{4BF01285-DB9E-45F8-A7F1-A211D8416342}.Release|Any CPU.ActiveCfg = Release|Any CPU
		{4BF01285-DB9E-45F8-A7F1-A211D8416342}.Release|Any CPU.Build.0 = Release|Any CPU
		{BF40FD8E-6BB1-4065-A9CA-7C7A44755D51}.Debug|Any CPU.ActiveCfg = Debug|Any CPU
		{BF40FD8E-6BB1-4065-A9CA-7C7A44755D51}.Debug|Any CPU.Build.0 = Debug|Any CPU
		{BF40FD8E-6BB1-4065-A9CA-7C7A44755D51}.Release|Any CPU.ActiveCfg = Release|Any CPU
		{BF40FD8E-6BB1-4065-A9CA-7C7A44755D51}.Release|Any CPU.Build.0 = Release|Any CPU
	EndGlobalSection
	GlobalSection(NestedProjects) = preSolution
		{4BF01285-DB9E-45F8-A7F1-A211D8416342} = {0656264A-1AAF-4629-9608-1E107CE5C0F8}
		{BF40FD8E-6BB1-4065-A9CA-7C7A44755D51} = {C812062B-FB92-4234-9425-12BBD6F20E60}
	EndGlobalSection
EndGlobal
